github.com/KKKZOZ/hugo-admonitions v0.8.0 h1:eZfVhwvbfjVIvLc1zmTlOOOr2bTpR/WA9KXaKHaq5ok=
github.com/KKKZOZ/hugo-admonitions v0.8.0/go.mod h1:4PsJAsqo3mS3VzAtDLa8k0ds+CJQUWZhAo9kLi1NRlM=
github.com/imfing/hextra v0.9.7 h1:Zg5n24us36Bn/S/5mEUPkRW6uwE6vHHEqWSgN0bPXaM=
github.com/imfing/hextra v0.9.7/go.mod h1:cEfel3lU/bSx7lTE/+uuR4GJaphyOyiwNR3PTqFTXpI=
